{
  "name": "5.9",
  "lockfileVersion": 3,
  "requires": true,
  "packages": {
    "": {
      "dependencies": {
        "types-registry": "^0.1.754"
      },
      "devDependencies": {
        "@types/react": "^19.2.7",
        "@types/string": "^0.0.34"
      }
    },
    "node_modules/@types/react": {
      "version": "19.2.7",
      "resolved": "https://registry.npmjs.org/@types/react/-/react-19.2.7.tgz",
      "integrity": "sha512-MWtvHrGZLFttgeEj28VXHxpmwYbor/ATPYbBfSFZEIRK0ecCFLl2Qo55z52Hss+UV9CRN7trSeq1zbgx7YDWWg==",
      "dev": true,
      "dependencies": {
        "csstype": "^3.2.2"
      }
    },
    "node_modules/@types/string": {
      "version": "0.0.34",
      "resolved": "https://registry.npmjs.org/@types/string/-/string-0.0.34.tgz",
      "integrity": "sha512-y8EbTzdqsHI65ecsNGpSu8LEbBrttfK6Tq8oHvlrUwskWST+TPsLwL5gaKT0hLzeKwDkNutIk4Nn/qZhauwrZw==",
      "dev": true
    },
    "node_modules/csstype": {
      "version": "3.2.3",
      "resolved": "https://registry.npmjs.org/csstype/-/csstype-3.2.3.tgz",
      "integrity": "sha512-z1HGKcYy2xA8AGQfwrn0PAy+PB7X/GSj3UVJW9qKyn43xWa+gl5nXmU4qqLMRzWVLFC8KusUX8T/0kCiOYpAIQ==",
      "dev": true
    },
    "node_modules/types-registry": {
      "version": "0.1.754",
      "resolved": "https://registry.npmjs.org/types-registry/-/types-registry-0.1.754.tgz",
      "integrity": "sha512-8yP46IcFyrp/9ojdz8/XxlkK+bGu6RWfMuMKbeiMNSqvbdfYAyCPw94r/1G7h0H9/0Vmh/8F0vUxhS12Xe5e8g=="
    }
  }
}
